// !$*UTF8*$!
{
	archiveVersion = 1;
	classes = {
	};
	objectVersion = 56;
	objects = {

/* Begin PBXBuildFile section */
		A53211892B5C08B300E8FB2A /* AppDelegate.swift in Sources */ = {isa = PBXBuildFile; fileRef = A53211882B5C08B300E8FB2A /* AppDelegate.swift */; };
		A532118B2B5C08B300E8FB2A /* SceneDelegate.swift in Sources */ = {isa = PBXBuildFile; fileRef = A532118A2B5C08B300E8FB2A /* SceneDelegate.swift */; };
		A532118D2B5C08B300E8FB2A /* SplashViewController.swift in Sources */ = {isa = PBXBuildFile; fileRef = A532118C2B5C08B300E8FB2A /* SplashViewController.swift */; };
		A53211902B5C08B300E8FB2A /* Main.storyboard in Resources */ = {isa = PBXBuildFile; fileRef = A532118E2B5C08B300E8FB2A /* Main.storyboard */; };
		A53211922B5C08B600E8FB2A /* Assets.xcassets in Resources */ = {isa = PBXBuildFile; fileRef = A53211912B5C08B600E8FB2A /* Assets.xcassets */; };
		A53211952B5C08B600E8FB2A /* LaunchScreen.storyboard in Resources */ = {isa = PBXBuildFile; fileRef = A53211932B5C08B600E8FB2A /* LaunchScreen.storyboard */; };
		A53211A22B5C148E00E8FB2A /* RxCocoa in Frameworks */ = {isa = PBXBuildFile; productRef = A53211A12B5C148E00E8FB2A /* RxCocoa */; };
		A53211A42B5C148E00E8FB2A /* RxSwift in Frameworks */ = {isa = PBXBuildFile; productRef = A53211A32B5C148E00E8FB2A /* RxSwift */; };
		A53211A62B5C153100E8FB2A /* Colors.xcassets in Resources */ = {isa = PBXBuildFile; fileRef = A53211A52B5C153100E8FB2A /* Colors.xcassets */; };
		A53211A82B5C168200E8FB2A /* Icons.xcassets in Resources */ = {isa = PBXBuildFile; fileRef = A53211A72B5C168200E8FB2A /* Icons.xcassets */; };
		A53211AC2B5C170300E8FB2A /* SF-Pro-Text-Regular.otf in Resources */ = {isa = PBXBuildFile; fileRef = A53211AA2B5C170300E8FB2A /* SF-Pro-Text-Regular.otf */; };
		A53211AD2B5C170300E8FB2A /* SF-Pro-Text-Bold.otf in Resources */ = {isa = PBXBuildFile; fileRef = A53211AB2B5C170300E8FB2A /* SF-Pro-Text-Bold.otf */; };
		A53211AF2B5C186100E8FB2A /* LoaderElementView.swift in Sources */ = {isa = PBXBuildFile; fileRef = A53211AE2B5C186100E8FB2A /* LoaderElementView.swift */; };
		A58E1F0B2B5C4AC700DF973E /* CardTableViewCell.swift in Sources */ = {isa = PBXBuildFile; fileRef = A58E1F0A2B5C4AC700DF973E /* CardTableViewCell.swift */; };
		A59A97042B5C4639007E56E6 /* MainViewController.swift in Sources */ = {isa = PBXBuildFile; fileRef = A59A97032B5C4639007E56E6 /* MainViewController.swift */; };
		A5E3A4EF2B5DC9E9006D0313 /* NetworkService.swift in Sources */ = {isa = PBXBuildFile; fileRef = A5E3A4EE2B5DC9E9006D0313 /* NetworkService.swift */; };
		A5E3A4F22B5DCA2D006D0313 /* MarsPhotoModel.swift in Sources */ = {isa = PBXBuildFile; fileRef = A5E3A4F12B5DCA2D006D0313 /* MarsPhotoModel.swift */; };
		A5E3A4F42B5DCA50006D0313 /* NetworkError.swift in Sources */ = {isa = PBXBuildFile; fileRef = A5E3A4F32B5DCA50006D0313 /* NetworkError.swift */; };
		A5E3A4F62B5DCA7A006D0313 /* MainViewModel.swift in Sources */ = {isa = PBXBuildFile; fileRef = A5E3A4F52B5DCA7A006D0313 /* MainViewModel.swift */; };
		A5E3A4F82B5DCAA4006D0313 /* NetworkConfiguration.swift in Sources */ = {isa = PBXBuildFile; fileRef = A5E3A4F72B5DCAA4006D0313 /* NetworkConfiguration.swift */; };
		A5E3A4FA2B5DCAB6006D0313 /* RoverType.swift in Sources */ = {isa = PBXBuildFile; fileRef = A5E3A4F92B5DCAB6006D0313 /* RoverType.swift */; };
		A5E3A4FC2B5DCAD4006D0313 /* CameraType.swift in Sources */ = {isa = PBXBuildFile; fileRef = A5E3A4FB2B5DCAD4006D0313 /* CameraType.swift */; };
		A5E3A4FF2B5DE130006D0313 /* SDWebImage in Frameworks */ = {isa = PBXBuildFile; productRef = A5E3A4FE2B5DE130006D0313 /* SDWebImage */; };
		A5E3A5012B5E8F0D006D0313 /* CardCellViewModel.swift in Sources */ = {isa = PBXBuildFile; fileRef = A5E3A5002B5E8F0D006D0313 /* CardCellViewModel.swift */; };
		A5E3A5032B5E94D5006D0313 /* CardLabel.swift in Sources */ = {isa = PBXBuildFile; fileRef = A5E3A5022B5E94D5006D0313 /* CardLabel.swift */; };
		A5E3A5052B5EAA54006D0313 /* UIFont + Extension.swift in Sources */ = {isa = PBXBuildFile; fileRef = A5E3A5042B5EAA54006D0313 /* UIFont + Extension.swift */; };
		A5E3A5072B5EADE5006D0313 /* DetailViewController.swift in Sources */ = {isa = PBXBuildFile; fileRef = A5E3A5062B5EADE5006D0313 /* DetailViewController.swift */; };
		A5E3A5092B60149F006D0313 /* DetailViewModel.swift in Sources */ = {isa = PBXBuildFile; fileRef = A5E3A5082B60149F006D0313 /* DetailViewModel.swift */; };
		A5E3A50B2B601B43006D0313 /* Coordinator.swift in Sources */ = {isa = PBXBuildFile; fileRef = A5E3A50A2B601B43006D0313 /* Coordinator.swift */; };
		A5E3A50D2B601C07006D0313 /* BaseCoordinator.swift in Sources */ = {isa = PBXBuildFile; fileRef = A5E3A50C2B601C07006D0313 /* BaseCoordinator.swift */; };
		A5E3A5102B601C7B006D0313 /* AppCoordinator.swift in Sources */ = {isa = PBXBuildFile; fileRef = A5E3A50F2B601C7B006D0313 /* AppCoordinator.swift */; };
		A5E3A5122B601D4C006D0313 /* MainCoordinator.swift in Sources */ = {isa = PBXBuildFile; fileRef = A5E3A5112B601D4C006D0313 /* MainCoordinator.swift */; };
		A5E3A5152B602376006D0313 /* DetailCoordinator.swift in Sources */ = {isa = PBXBuildFile; fileRef = A5E3A5142B602376006D0313 /* DetailCoordinator.swift */; };
		A5E3A5172B6054F3006D0313 /* SplashPresenter.swift in Sources */ = {isa = PBXBuildFile; fileRef = A5E3A5162B6054F3006D0313 /* SplashPresenter.swift */; };
/* End PBXBuildFile section */

/* Begin PBXFileReference section */
		A53211852B5C08B300E8FB2A /* NASA.app */ = {isa = PBXFileReference; explicitFileType = wrapper.application; includeInIndex = 0; path = NASA.app; sourceTree = BUILT_PRODUCTS_DIR; };
		A53211882B5C08B300E8FB2A /* AppDelegate.swift */ = {isa = PBXFileReference; lastKnownFileType = sourcecode.swift; path = AppDelegate.swift; sourceTree = "<group>"; };
		A532118A2B5C08B300E8FB2A /* SceneDelegate.swift */ = {isa = PBXFileReference; lastKnownFileType = sourcecode.swift; path = SceneDelegate.swift; sourceTree = "<group>"; };
		A532118C2B5C08B300E8FB2A /* SplashViewController.swift */ = {isa = PBXFileReference; lastKnownFileType = sourcecode.swift; path = SplashViewController.swift; sourceTree = "<group>"; };
		A532118F2B5C08B300E8FB2A /* Base */ = {isa = PBXFileReference; lastKnownFileType = file.storyboard; name = Base; path = Base.lproj/Main.storyboard; sourceTree = "<group>"; };
		A53211912B5C08B600E8FB2A /* Assets.xcassets */ = {isa = PBXFileReference; lastKnownFileType = folder.assetcatalog; path = Assets.xcassets; sourceTree = "<group>"; };
		A53211942B5C08B600E8FB2A /* Base */ = {isa = PBXFileReference; lastKnownFileType = file.storyboard; name = Base; path = Base.lproj/LaunchScreen.storyboard; sourceTree = "<group>"; };
		A53211962B5C08B600E8FB2A /* Info.plist */ = {isa = PBXFileReference; lastKnownFileType = text.plist.xml; path = Info.plist; sourceTree = "<group>"; };
		A53211A52B5C153100E8FB2A /* Colors.xcassets */ = {isa = PBXFileReference; lastKnownFileType = folder.assetcatalog; path = Colors.xcassets; sourceTree = "<group>"; };
		A53211A72B5C168200E8FB2A /* Icons.xcassets */ = {isa = PBXFileReference; lastKnownFileType = folder.assetcatalog; path = Icons.xcassets; sourceTree = "<group>"; };
		A53211AA2B5C170300E8FB2A /* SF-Pro-Text-Regular.otf */ = {isa = PBXFileReference; lastKnownFileType = file; path = "SF-Pro-Text-Regular.otf"; sourceTree = "<group>"; };
		A53211AB2B5C170300E8FB2A /* SF-Pro-Text-Bold.otf */ = {isa = PBXFileReference; lastKnownFileType = file; path = "SF-Pro-Text-Bold.otf"; sourceTree = "<group>"; };
		A53211AE2B5C186100E8FB2A /* LoaderElementView.swift */ = {isa = PBXFileReference; lastKnownFileType = sourcecode.swift; path = LoaderElementView.swift; sourceTree = "<group>"; };
		A58E1F0A2B5C4AC700DF973E /* CardTableViewCell.swift */ = {isa = PBXFileReference; lastKnownFileType = sourcecode.swift; path = CardTableViewCell.swift; sourceTree = "<group>"; };
		A59A97032B5C4639007E56E6 /* MainViewController.swift */ = {isa = PBXFileReference; lastKnownFileType = sourcecode.swift; path = MainViewController.swift; sourceTree = "<group>"; };
		A5E3A4EE2B5DC9E9006D0313 /* NetworkService.swift */ = {isa = PBXFileReference; lastKnownFileType = sourcecode.swift; path = NetworkService.swift; sourceTree = "<group>"; };
		A5E3A4F12B5DCA2D006D0313 /* MarsPhotoModel.swift */ = {isa = PBXFileReference; lastKnownFileType = sourcecode.swift; path = MarsPhotoModel.swift; sourceTree = "<group>"; };
		A5E3A4F32B5DCA50006D0313 /* NetworkError.swift */ = {isa = PBXFileReference; lastKnownFileType = sourcecode.swift; path = NetworkError.swift; sourceTree = "<group>"; };
		A5E3A4F52B5DCA7A006D0313 /* MainViewModel.swift */ = {isa = PBXFileReference; lastKnownFileType = sourcecode.swift; path = MainViewModel.swift; sourceTree = "<group>"; };
		A5E3A4F72B5DCAA4006D0313 /* NetworkConfiguration.swift */ = {isa = PBXFileReference; lastKnownFileType = sourcecode.swift; path = NetworkConfiguration.swift; sourceTree = "<group>"; };
		A5E3A4F92B5DCAB6006D0313 /* RoverType.swift */ = {isa = PBXFileReference; lastKnownFileType = sourcecode.swift; path = RoverType.swift; sourceTree = "<group>"; };
		A5E3A4FB2B5DCAD4006D0313 /* CameraType.swift */ = {isa = PBXFileReference; lastKnownFileType = sourcecode.swift; path = CameraType.swift; sourceTree = "<group>"; };
		A5E3A5002B5E8F0D006D0313 /* CardCellViewModel.swift */ = {isa = PBXFileReference; lastKnownFileType = sourcecode.swift; path = CardCellViewModel.swift; sourceTree = "<group>"; };
		A5E3A5022B5E94D5006D0313 /* CardLabel.swift */ = {isa = PBXFileReference; lastKnownFileType = sourcecode.swift; path = CardLabel.swift; sourceTree = "<group>"; };
		A5E3A5042B5EAA54006D0313 /* UIFont + Extension.swift */ = {isa = PBXFileReference; lastKnownFileType = sourcecode.swift; path = "UIFont + Extension.swift"; sourceTree = "<group>"; };
		A5E3A5062B5EADE5006D0313 /* DetailViewController.swift */ = {isa = PBXFileReference; lastKnownFileType = sourcecode.swift; path = DetailViewController.swift; sourceTree = "<group>"; };
		A5E3A5082B60149F006D0313 /* DetailViewModel.swift */ = {isa = PBXFileReference; lastKnownFileType = sourcecode.swift; path = DetailViewModel.swift; sourceTree = "<group>"; };
		A5E3A50A2B601B43006D0313 /* Coordinator.swift */ = {isa = PBXFileReference; lastKnownFileType = sourcecode.swift; path = Coordinator.swift; sourceTree = "<group>"; };
		A5E3A50C2B601C07006D0313 /* BaseCoordinator.swift */ = {isa = PBXFileReference; lastKnownFileType = sourcecode.swift; path = BaseCoordinator.swift; sourceTree = "<group>"; };
		A5E3A50F2B601C7B006D0313 /* AppCoordinator.swift */ = {isa = PBXFileReference; lastKnownFileType = sourcecode.swift; path = AppCoordinator.swift; sourceTree = "<group>"; };
		A5E3A5112B601D4C006D0313 /* MainCoordinator.swift */ = {isa = PBXFileReference; lastKnownFileType = sourcecode.swift; path = MainCoordinator.swift; sourceTree = "<group>"; };
		A5E3A5142B602376006D0313 /* DetailCoordinator.swift */ = {isa = PBXFileReference; lastKnownFileType = sourcecode.swift; path = DetailCoordinator.swift; sourceTree = "<group>"; };
		A5E3A5162B6054F3006D0313 /* SplashPresenter.swift */ = {isa = PBXFileReference; lastKnownFileType = sourcecode.swift; path = SplashPresenter.swift; sourceTree = "<group>"; };
/* End PBXFileReference section */

/* Begin PBXFrameworksBuildPhase section */
		A53211822B5C08B300E8FB2A /* Frameworks */ = {
			isa = PBXFrameworksBuildPhase;
			buildActionMask = 2147483647;
			files = (
				A5E3A4FF2B5DE130006D0313 /* SDWebImage in Frameworks */,
				A53211A42B5C148E00E8FB2A /* RxSwift in Frameworks */,
				A53211A22B5C148E00E8FB2A /* RxCocoa in Frameworks */,
			);
			runOnlyForDeploymentPostprocessing = 0;
		};
/* End PBXFrameworksBuildPhase section */

/* Begin PBXGroup section */
		A532117C2B5C08B300E8FB2A = {
			isa = PBXGroup;
			children = (
				A53211872B5C08B300E8FB2A /* NASA */,
				A53211862B5C08B300E8FB2A /* Products */,
			);
			sourceTree = "<group>";
		};
		A53211862B5C08B300E8FB2A /* Products */ = {
			isa = PBXGroup;
			children = (
				A53211852B5C08B300E8FB2A /* NASA.app */,
			);
			name = Products;
			sourceTree = "<group>";
		};
		A53211872B5C08B300E8FB2A /* NASA */ = {
			isa = PBXGroup;
			children = (
				A5E3A4F02B5DCA11006D0313 /* Models */,
				A5E3A4ED2B5DC9B6006D0313 /* Network */,
				A532119F2B5C139200E8FB2A /* SupportingFiles */,
				A532119E2B5C137200E8FB2A /* Resources */,
				A53211B02B5C1D2F00E8FB2A /* Splash */,
				A58E1F0C2B5C542B00DF973E /* Main */,
				A532118E2B5C08B300E8FB2A /* Main.storyboard */,
				A5E3A4F92B5DCAB6006D0313 /* RoverType.swift */,
				A5E3A4FB2B5DCAD4006D0313 /* CameraType.swift */,
				A5E3A5022B5E94D5006D0313 /* CardLabel.swift */,
				A5E3A5042B5EAA54006D0313 /* UIFont + Extension.swift */,
				A5E3A5132B60234B006D0313 /* Detail */,
				A5E3A50E2B601C56006D0313 /* Coordinator */,
			);
			path = NASA;
			sourceTree = "<group>";
		};
		A532119E2B5C137200E8FB2A /* Resources */ = {
			isa = PBXGroup;
			children = (
				A53211A92B5C170300E8FB2A /* Fonts */,
				A53211912B5C08B600E8FB2A /* Assets.xcassets */,
				A53211A52B5C153100E8FB2A /* Colors.xcassets */,
				A53211A72B5C168200E8FB2A /* Icons.xcassets */,
			);
			path = Resources;
			sourceTree = "<group>";
		};
		A532119F2B5C139200E8FB2A /* SupportingFiles */ = {
			isa = PBXGroup;
			children = (
				A53211882B5C08B300E8FB2A /* AppDelegate.swift */,
				A532118A2B5C08B300E8FB2A /* SceneDelegate.swift */,
				A53211932B5C08B600E8FB2A /* LaunchScreen.storyboard */,
				A53211962B5C08B600E8FB2A /* Info.plist */,
			);
			path = SupportingFiles;
			sourceTree = "<group>";
		};
		A53211A92B5C170300E8FB2A /* Fonts */ = {
			isa = PBXGroup;
			children = (
				A53211AA2B5C170300E8FB2A /* SF-Pro-Text-Regular.otf */,
				A53211AB2B5C170300E8FB2A /* SF-Pro-Text-Bold.otf */,
			);
			path = Fonts;
			sourceTree = "<group>";
		};
		A53211B02B5C1D2F00E8FB2A /* Splash */ = {
			isa = PBXGroup;
			children = (
				A532118C2B5C08B300E8FB2A /* SplashViewController.swift */,
				A53211AE2B5C186100E8FB2A /* LoaderElementView.swift */,
				A5E3A5162B6054F3006D0313 /* SplashPresenter.swift */,
			);
			path = Splash;
			sourceTree = "<group>";
		};
		A58E1F0C2B5C542B00DF973E /* Main */ = {
			isa = PBXGroup;
			children = (
				A59A97032B5C4639007E56E6 /* MainViewController.swift */,
				A58E1F0A2B5C4AC700DF973E /* CardTableViewCell.swift */,
				A5E3A4F52B5DCA7A006D0313 /* MainViewModel.swift */,
				A5E3A5002B5E8F0D006D0313 /* CardCellViewModel.swift */,
				A5E3A5112B601D4C006D0313 /* MainCoordinator.swift */,
			);
			path = Main;
			sourceTree = "<group>";
		};
		A5E3A4ED2B5DC9B6006D0313 /* Network */ = {
			isa = PBXGroup;
			children = (
				A5E3A4EE2B5DC9E9006D0313 /* NetworkService.swift */,
				A5E3A4F32B5DCA50006D0313 /* NetworkError.swift */,
				A5E3A4F72B5DCAA4006D0313 /* NetworkConfiguration.swift */,
			);
			path = Network;
			sourceTree = "<group>";
		};
		A5E3A4F02B5DCA11006D0313 /* Models */ = {
			isa = PBXGroup;
			children = (
				A5E3A4F12B5DCA2D006D0313 /* MarsPhotoModel.swift */,
			);
			path = Models;
			sourceTree = "<group>";
		};
		A5E3A50E2B601C56006D0313 /* Coordinator */ = {
			isa = PBXGroup;
			children = (
				A5E3A50A2B601B43006D0313 /* Coordinator.swift */,
				A5E3A50C2B601C07006D0313 /* BaseCoordinator.swift */,
				A5E3A50F2B601C7B006D0313 /* AppCoordinator.swift */,
			);
			path = Coordinator;
			sourceTree = "<group>";
		};
		A5E3A5132B60234B006D0313 /* Detail */ = {
			isa = PBXGroup;
			children = (
				A5E3A5062B5EADE5006D0313 /* DetailViewController.swift */,
				A5E3A5082B60149F006D0313 /* DetailViewModel.swift */,
				A5E3A5142B602376006D0313 /* DetailCoordinator.swift */,
			);
			path = Detail;
			sourceTree = "<group>";
		};
/* End PBXGroup section */

/* Begin PBXNativeTarget section */
		A53211842B5C08B300E8FB2A /* NASA */ = {
			isa = PBXNativeTarget;
			buildConfigurationList = A53211992B5C08B600E8FB2A /* Build configuration list for PBXNativeTarget "NASA" */;
			buildPhases = (
				A53211812B5C08B300E8FB2A /* Sources */,
				A53211822B5C08B300E8FB2A /* Frameworks */,
				A53211832B5C08B300E8FB2A /* Resources */,
				A532119D2B5C126D00E8FB2A /* SwiftLint */,
			);
			buildRules = (
			);
			dependencies = (
			);
			name = NASA;
			packageProductDependencies = (
				A53211A12B5C148E00E8FB2A /* RxCocoa */,
				A53211A32B5C148E00E8FB2A /* RxSwift */,
				A5E3A4FE2B5DE130006D0313 /* SDWebImage */,
			);
			productName = NASA;
			productReference = A53211852B5C08B300E8FB2A /* NASA.app */;
			productType = "com.apple.product-type.application";
		};
/* End PBXNativeTarget section */

/* Begin PBXProject section */
		A532117D2B5C08B300E8FB2A /* Project object */ = {
			isa = PBXProject;
			attributes = {
				BuildIndependentTargetsInParallel = 1;
				LastSwiftUpdateCheck = 1520;
				LastUpgradeCheck = 1520;
				TargetAttributes = {
					A53211842B5C08B300E8FB2A = {
						CreatedOnToolsVersion = 15.2;
					};
				};
			};
			buildConfigurationList = A53211802B5C08B300E8FB2A /* Build configuration list for PBXProject "NASA" */;
			compatibilityVersion = "Xcode 14.0";
			developmentRegion = en;
			hasScannedForEncodings = 0;
			knownRegions = (
				en,
				Base,
			);
			mainGroup = A532117C2B5C08B300E8FB2A;
			packageReferences = (
				A53211A02B5C148E00E8FB2A /* XCRemoteSwiftPackageReference "RxSwift" */,
				A5E3A4FD2B5DE130006D0313 /* XCRemoteSwiftPackageReference "SDWebImage" */,
			);
			productRefGroup = A53211862B5C08B300E8FB2A /* Products */;
			projectDirPath = "";
			projectRoot = "";
			targets = (
				A53211842B5C08B300E8FB2A /* NASA */,
			);
		};
/* End PBXProject section */

/* Begin PBXResourcesBuildPhase section */
		A53211832B5C08B300E8FB2A /* Resources */ = {
			isa = PBXResourcesBuildPhase;
			buildActionMask = 2147483647;
			files = (
				A53211AC2B5C170300E8FB2A /* SF-Pro-Text-Regular.otf in Resources */,
				A53211AD2B5C170300E8FB2A /* SF-Pro-Text-Bold.otf in Resources */,
				A53211952B5C08B600E8FB2A /* LaunchScreen.storyboard in Resources */,
				A53211A62B5C153100E8FB2A /* Colors.xcassets in Resources */,
				A53211922B5C08B600E8FB2A /* Assets.xcassets in Resources */,
				A53211902B5C08B300E8FB2A /* Main.storyboard in Resources */,
				A53211A82B5C168200E8FB2A /* Icons.xcassets in Resources */,
			);
			runOnlyForDeploymentPostprocessing = 0;
		};
/* End PBXResourcesBuildPhase section */

/* Begin PBXShellScriptBuildPhase section */
		A532119D2B5C126D00E8FB2A /* SwiftLint */ = {
			isa = PBXShellScriptBuildPhase;
			alwaysOutOfDate = 1;
			buildActionMask = 2147483647;
			files = (
			);
			inputFileListPaths = (
			);
			inputPaths = (
			);
			name = SwiftLint;
			outputFileListPaths = (
			);
			outputPaths = (
			);
			runOnlyForDeploymentPostprocessing = 0;
			shellPath = /bin/sh;
			shellScript = "if which swiftlint >/dev/null; then\n    swiftlint\nelse\n    echo \"warning: SwiftLint not installed, download from https://github.com/realm/SwiftLint\"\nfi\n";
		};
/* End PBXShellScriptBuildPhase section */

/* Begin PBXSourcesBuildPhase section */
		A53211812B5C08B300E8FB2A /* Sources */ = {
			isa = PBXSourcesBuildPhase;
			buildActionMask = 2147483647;
			files = (
				A5E3A5052B5EAA54006D0313 /* UIFont + Extension.swift in Sources */,
				A5E3A5072B5EADE5006D0313 /* DetailViewController.swift in Sources */,
				A532118D2B5C08B300E8FB2A /* SplashViewController.swift in Sources */,
				A58E1F0B2B5C4AC700DF973E /* CardTableViewCell.swift in Sources */,
				A5E3A4FA2B5DCAB6006D0313 /* RoverType.swift in Sources */,
				A53211892B5C08B300E8FB2A /* AppDelegate.swift in Sources */,
				A5E3A5102B601C7B006D0313 /* AppCoordinator.swift in Sources */,
				A5E3A50B2B601B43006D0313 /* Coordinator.swift in Sources */,
				A5E3A5012B5E8F0D006D0313 /* CardCellViewModel.swift in Sources */,
				A5E3A5172B6054F3006D0313 /* SplashPresenter.swift in Sources */,
				A53211AF2B5C186100E8FB2A /* LoaderElementView.swift in Sources */,
				A5E3A5152B602376006D0313 /* DetailCoordinator.swift in Sources */,
				A532118B2B5C08B300E8FB2A /* SceneDelegate.swift in Sources */,
				A5E3A4F62B5DCA7A006D0313 /* MainViewModel.swift in Sources */,
				A5E3A5032B5E94D5006D0313 /* CardLabel.swift in Sources */,
				A5E3A4FC2B5DCAD4006D0313 /* CameraType.swift in Sources */,
				A5E3A4F22B5DCA2D006D0313 /* MarsPhotoModel.swift in Sources */,
				A5E3A5092B60149F006D0313 /* DetailViewModel.swift in Sources */,
				A5E3A50D2B601C07006D0313 /* BaseCoordinator.swift in Sources */,
				A5E3A4F42B5DCA50006D0313 /* NetworkError.swift in Sources */,
				A59A97042B5C4639007E56E6 /* MainViewController.swift in Sources */,
				A5E3A4F82B5DCAA4006D0313 /* NetworkConfiguration.swift in Sources */,
				A5E3A5122B601D4C006D0313 /* MainCoordinator.swift in Sources */,
				A5E3A4EF2B5DC9E9006D0313 /* NetworkService.swift in Sources */,
			);
			runOnlyForDeploymentPostprocessing = 0;
		};
/* End PBXSourcesBuildPhase section */

/* Begin PBXVariantGroup section */
		A532118E2B5C08B300E8FB2A /* Main.storyboard */ = {
			isa = PBXVariantGroup;
			children = (
				A532118F2B5C08B300E8FB2A /* Base */,
			);
			name = Main.storyboard;
			sourceTree = "<group>";
		};
		A53211932B5C08B600E8FB2A /* LaunchScreen.storyboard */ = {
			isa = PBXVariantGroup;
			children = (
				A53211942B5C08B600E8FB2A /* Base */,
			);
			name = LaunchScreen.storyboard;
			sourceTree = "<group>";
		};
/* End PBXVariantGroup section */

/* Begin XCBuildConfiguration section */
		A53211972B5C08B600E8FB2A /* Debug */ = {
			isa = XCBuildConfiguration;
			buildSettings = {
				ALWAYS_SEARCH_USER_PATHS = NO;
				ASSETCATALOG_COMPILER_GENERATE_SWIFT_ASSET_SYMBOL_EXTENSIONS = YES;
				CLANG_ANALYZER_NONNULL = YES;
				CLANG_ANALYZER_NUMBER_OBJECT_CONVERSION = YES_AGGRESSIVE;
				CLANG_CXX_LANGUAGE_STANDARD = "gnu++20";
				CLANG_ENABLE_MODULES = YES;
				CLANG_ENABLE_OBJC_ARC = YES;
				CLANG_ENABLE_OBJC_WEAK = YES;
				CLANG_WARN_BLOCK_CAPTURE_AUTORELEASING = YES;
				CLANG_WARN_BOOL_CONVERSION = YES;
				CLANG_WARN_COMMA = YES;
				CLANG_WARN_CONSTANT_CONVERSION = YES;
				CLANG_WARN_DEPRECATED_OBJC_IMPLEMENTATIONS = YES;
				CLANG_WARN_DIRECT_OBJC_ISA_USAGE = YES_ERROR;
				CLANG_WARN_DOCUMENTATION_COMMENTS = YES;
				CLANG_WARN_EMPTY_BODY = YES;
				CLANG_WARN_ENUM_CONVERSION = YES;
				CLANG_WARN_INFINITE_RECURSION = YES;
				CLANG_WARN_INT_CONVERSION = YES;
				CLANG_WARN_NON_LITERAL_NULL_CONVERSION = YES;
				CLANG_WARN_OBJC_IMPLICIT_RETAIN_SELF = YES;
				CLANG_WARN_OBJC_LITERAL_CONVERSION = YES;
				CLANG_WARN_OBJC_ROOT_CLASS = YES_ERROR;
				CLANG_WARN_QUOTED_INCLUDE_IN_FRAMEWORK_HEADER = YES;
				CLANG_WARN_RANGE_LOOP_ANALYSIS = YES;
				CLANG_WARN_STRICT_PROTOTYPES = YES;
				CLANG_WARN_SUSPICIOUS_MOVE = YES;
				CLANG_WARN_UNGUARDED_AVAILABILITY = YES_AGGRESSIVE;
				CLANG_WARN_UNREACHABLE_CODE = YES;
				CLANG_WARN__DUPLICATE_METHOD_MATCH = YES;
				COPY_PHASE_STRIP = NO;
				DEBUG_INFORMATION_FORMAT = dwarf;
				ENABLE_STRICT_OBJC_MSGSEND = YES;
				ENABLE_TESTABILITY = YES;
				ENABLE_USER_SCRIPT_SANDBOXING = YES;
				GCC_C_LANGUAGE_STANDARD = gnu17;
				GCC_DYNAMIC_NO_PIC = NO;
				GCC_NO_COMMON_BLOCKS = YES;
				GCC_OPTIMIZATION_LEVEL = 0;
				GCC_PREPROCESSOR_DEFINITIONS = (
					"DEBUG=1",
					"$(inherited)",
				);
				GCC_WARN_64_TO_32_BIT_CONVERSION = YES;
				GCC_WARN_ABOUT_RETURN_TYPE = YES_ERROR;
				GCC_WARN_UNDECLARED_SELECTOR = YES;
				GCC_WARN_UNINITIALIZED_AUTOS = YES_AGGRESSIVE;
				GCC_WARN_UNUSED_FUNCTION = YES;
				GCC_WARN_UNUSED_VARIABLE = YES;
				IPHONEOS_DEPLOYMENT_TARGET = 13.0;
				LOCALIZATION_PREFERS_STRING_CATALOGS = YES;
				MTL_ENABLE_DEBUG_INFO = INCLUDE_SOURCE;
				MTL_FAST_MATH = YES;
				ONLY_ACTIVE_ARCH = YES;
				SDKROOT = iphoneos;
				SWIFT_ACTIVE_COMPILATION_CONDITIONS = "DEBUG $(inherited)";
				SWIFT_OPTIMIZATION_LEVEL = "-Onone";
			};
			name = Debug;
		};
		A53211982B5C08B600E8FB2A /* Release */ = {
			isa = XCBuildConfiguration;
			buildSettings = {
				ALWAYS_SEARCH_USER_PATHS = NO;
				ASSETCATALOG_COMPILER_GENERATE_SWIFT_ASSET_SYMBOL_EXTENSIONS = YES;
				CLANG_ANALYZER_NONNULL = YES;
				CLANG_ANALYZER_NUMBER_OBJECT_CONVERSION = YES_AGGRESSIVE;
				CLANG_CXX_LANGUAGE_STANDARD = "gnu++20";
				CLANG_ENABLE_MODULES = YES;
				CLANG_ENABLE_OBJC_ARC = YES;
				CLANG_ENABLE_OBJC_WEAK = YES;
				CLANG_WARN_BLOCK_CAPTURE_AUTORELEASING = YES;
				CLANG_WARN_BOOL_CONVERSION = YES;
				CLANG_WARN_COMMA = YES;
				CLANG_WARN_CONSTANT_CONVERSION = YES;
				CLANG_WARN_DEPRECATED_OBJC_IMPLEMENTATIONS = YES;
				CLANG_WARN_DIRECT_OBJC_ISA_USAGE = YES_ERROR;
				CLANG_WARN_DOCUMENTATION_COMMENTS = YES;
				CLANG_WARN_EMPTY_BODY = YES;
				CLANG_WARN_ENUM_CONVERSION = YES;
				CLANG_WARN_INFINITE_RECURSION = YES;
				CLANG_WARN_INT_CONVERSION = YES;
				CLANG_WARN_NON_LITERAL_NULL_CONVERSION = YES;
				CLANG_WARN_OBJC_IMPLICIT_RETAIN_SELF = YES;
				CLANG_WARN_OBJC_LITERAL_CONVERSION = YES;
				CLANG_WARN_OBJC_ROOT_CLASS = YES_ERROR;
				CLANG_WARN_QUOTED_INCLUDE_IN_FRAMEWORK_HEADER = YES;
				CLANG_WARN_RANGE_LOOP_ANALYSIS = YES;
				CLANG_WARN_STRICT_PROTOTYPES = YES;
				CLANG_WARN_SUSPICIOUS_MOVE = YES;
				CLANG_WARN_UNGUARDED_AVAILABILITY = YES_AGGRESSIVE;
				CLANG_WARN_UNREACHABLE_CODE = YES;
				CLANG_WARN__DUPLICATE_METHOD_MATCH = YES;
				COPY_PHASE_STRIP = NO;
				DEBUG_INFORMATION_FORMAT = "dwarf-with-dsym";
				ENABLE_NS_ASSERTIONS = NO;
				ENABLE_STRICT_OBJC_MSGSEND = YES;
				ENABLE_USER_SCRIPT_SANDBOXING = YES;
				GCC_C_LANGUAGE_STANDARD = gnu17;
				GCC_NO_COMMON_BLOCKS = YES;
				GCC_WARN_64_TO_32_BIT_CONVERSION = YES;
				GCC_WARN_ABOUT_RETURN_TYPE = YES_ERROR;
				GCC_WARN_UNDECLARED_SELECTOR = YES;
				GCC_WARN_UNINITIALIZED_AUTOS = YES_AGGRESSIVE;
				GCC_WARN_UNUSED_FUNCTION = YES;
				GCC_WARN_UNUSED_VARIABLE = YES;
				IPHONEOS_DEPLOYMENT_TARGET = 13.0;
				LOCALIZATION_PREFERS_STRING_CATALOGS = YES;
				MTL_ENABLE_DEBUG_INFO = NO;
				MTL_FAST_MATH = YES;
				SDKROOT = iphoneos;
				SWIFT_COMPILATION_MODE = wholemodule;
				VALIDATE_PRODUCT = YES;
			};
			name = Release;
		};
		A532119A2B5C08B600E8FB2A /* Debug */ = {
			isa = XCBuildConfiguration;
			buildSettings = {
				ASSETCATALOG_COMPILER_APPICON_NAME = AppIcon;
				ASSETCATALOG_COMPILER_GLOBAL_ACCENT_COLOR_NAME = AccentColor;
				CODE_SIGN_STYLE = Automatic;
				CURRENT_PROJECT_VERSION = 1;
				DEVELOPMENT_TEAM = 6QNDZZX45L;
				ENABLE_USER_SCRIPT_SANDBOXING = NO;
				GENERATE_INFOPLIST_FILE = YES;
				INFOPLIST_FILE = NASA/SupportingFiles/Info.plist;
				INFOPLIST_KEY_UIApplicationSupportsIndirectInputEvents = YES;
				INFOPLIST_KEY_UILaunchStoryboardName = LaunchScreen;
				INFOPLIST_KEY_UISupportedInterfaceOrientations = UIInterfaceOrientationPortrait;
				INFOPLIST_KEY_UISupportedInterfaceOrientations_iPad = "UIInterfaceOrientationLandscapeLeft UIInterfaceOrientationLandscapeRight UIInterfaceOrientationPortrait UIInterfaceOrientationPortraitUpsideDown";
				IPHONEOS_DEPLOYMENT_TARGET = 13.0;
				LD_RUNPATH_SEARCH_PATHS = (
					"$(inherited)",
					"@executable_path/Frameworks",
				);
				MARKETING_VERSION = 1.0;
				PRODUCT_BUNDLE_IDENTIFIER = com.maksimenko.NASA;
				PRODUCT_NAME = "$(TARGET_NAME)";
				SUPPORTED_PLATFORMS = "iphoneos iphonesimulator";
				SUPPORTS_MACCATALYST = NO;
				SUPPORTS_MAC_DESIGNED_FOR_IPHONE_IPAD = NO;
				SUPPORTS_XR_DESIGNED_FOR_IPHONE_IPAD = NO;
				SWIFT_EMIT_LOC_STRINGS = YES;
				SWIFT_VERSION = 5.0;
				TARGETED_DEVICE_FAMILY = 1;
			};
			name = Debug;
		};
		A532119B2B5C08B600E8FB2A /* Release */ = {
			isa = XCBuildConfiguration;
			buildSettings = {
				ASSETCATALOG_COMPILER_APPICON_NAME = AppIcon;
				ASSETCATALOG_COMPILER_GLOBAL_ACCENT_COLOR_NAME = AccentColor;
				CODE_SIGN_STYLE = Automatic;
				CURRENT_PROJECT_VERSION = 1;
				DEVELOPMENT_TEAM = 6QNDZZX45L;
				ENABLE_USER_SCRIPT_SANDBOXING = NO;
				GENERATE_INFOPLIST_FILE = YES;
				INFOPLIST_FILE = NASA/SupportingFiles/Info.plist;
				INFOPLIST_KEY_UIApplicationSupportsIndirectInputEvents = YES;
				INFOPLIST_KEY_UILaunchStoryboardName = LaunchScreen;
				INFOPLIST_KEY_UISupportedInterfaceOrientations = UIInterfaceOrientationPortrait;
				INFOPLIST_KEY_UISupportedInterfaceOrientations_iPad = "UIInterfaceOrientationLandscapeLeft UIInterfaceOrientationLandscapeRight UIInterfaceOrientationPortrait UIInterfaceOrientationPortraitUpsideDown";
				IPHONEOS_DEPLOYMENT_TARGET = 13.0;
				LD_RUNPATH_SEARCH_PATHS = (
					"$(inherited)",
					"@executable_path/Frameworks",
				);
				MARKETING_VERSION = 1.0;
				PRODUCT_BUNDLE_IDENTIFIER = com.maksimenko.NASA;
				PRODUCT_NAME = "$(TARGET_NAME)";
				SUPPORTED_PLATFORMS = "iphoneos iphonesimulator";
				SUPPORTS_MACCATALYST = NO;
				SUPPORTS_MAC_DESIGNED_FOR_IPHONE_IPAD = NO;
				SUPPORTS_XR_DESIGNED_FOR_IPHONE_IPAD = NO;
				SWIFT_EMIT_LOC_STRINGS = YES;
				SWIFT_VERSION = 5.0;
				TARGETED_DEVICE_FAMILY = 1;
			};
			name = Release;
		};
/* End XCBuildConfiguration section */

/* Begin XCConfigurationList section */
		A53211802B5C08B300E8FB2A /* Build configuration list for PBXProject "NASA" */ = {
			isa = XCConfigurationList;
			buildConfigurations = (
				A53211972B5C08B600E8FB2A /* Debug */,
				A53211982B5C08B600E8FB2A /* Release */,
			);
			defaultConfigurationIsVisible = 0;
			defaultConfigurationName = Release;
		};
		A53211992B5C08B600E8FB2A /* Build configuration list for PBXNativeTarget "NASA" */ = {
			isa = XCConfigurationList;
			buildConfigurations = (
				A532119A2B5C08B600E8FB2A /* Debug */,
				A532119B2B5C08B600E8FB2A /* Release */,
			);
			defaultConfigurationIsVisible = 0;
			defaultConfigurationName = Release;
		};
/* End XCConfigurationList section */

/* Begin XCRemoteSwiftPackageReference section */
		A53211A02B5C148E00E8FB2A /* XCRemoteSwiftPackageReference "RxSwift" */ = {
			isa = XCRemoteSwiftPackageReference;
			repositoryURL = "https://github.com/ReactiveX/RxSwift.git";
			requirement = {
				kind = exactVersion;
				version = 6.6.0;
			};
		};
		A5E3A4FD2B5DE130006D0313 /* XCRemoteSwiftPackageReference "SDWebImage" */ = {
			isa = XCRemoteSwiftPackageReference;
			repositoryURL = "https://github.com/SDWebImage/SDWebImage.git";
			requirement = {
				kind = exactVersion;
				version = 5.18.10;
			};
		};
/* End XCRemoteSwiftPackageReference section */

/* Begin XCSwiftPackageProductDependency section */
		A53211A12B5C148E00E8FB2A /* RxCocoa */ = {
			isa = XCSwiftPackageProductDependency;
			package = A53211A02B5C148E00E8FB2A /* XCRemoteSwiftPackageReference "RxSwift" */;
			productName = RxCocoa;
		};
		A53211A32B5C148E00E8FB2A /* RxSwift */ = {
			isa = XCSwiftPackageProductDependency;
			package = A53211A02B5C148E00E8FB2A /* XCRemoteSwiftPackageReference "RxSwift" */;
			productName = RxSwift;
		};
		A5E3A4FE2B5DE130006D0313 /* SDWebImage */ = {
			isa = XCSwiftPackageProductDependency;
			package = A5E3A4FD2B5DE130006D0313 /* XCRemoteSwiftPackageReference "SDWebImage" */;
			productName = SDWebImage;
		};
/* End XCSwiftPackageProductDependency section */
	};
	rootObject = A532117D2B5C08B300E8FB2A /* Project object */;
}
